
Microsoft Visual Studio Solution File, Format Version 12.00
# Visual Studio Version 17
VisualStudioVersion = 17.4.33213.308
MinimumVisualStudioVersion = 10.0.40219.1
Project("{FAE04EC0-301F-11D3-BF4B-00C04F79EFBC}") = "SignalRChat", "SignalRChat\SignalRChat.csproj", "{21BCF287-2389-4926-8D02-7EDA95DA634B}"
EndProject
Global
	GlobalSection(SolutionConfigurationPlatforms) = preSolution
		Debug|Any CPU = Debug|Any CPU
		Release|Any CPU = Release|Any CPU
	EndGlobalSection
	GlobalSection(ProjectConfigurationPlatforms) = postSolution
		{21BCF287-2389-4926-8D02-7EDA95DA634B}.Debug|Any CPU.ActiveCfg = Debug|Any CPU
		{21BCF287-2389-4926-8D02-7EDA95DA634B}.Debug|Any CPU.Build.0 = Debug|Any CPU
		{21BCF287-2389-4926-8D02-7EDA95DA634B}.Release|Any CPU.ActiveCfg = Release|Any CPU
		{21BCF287-2389-4926-8D02-7EDA95DA634B}.Release|Any CPU.Build.0 = Release|Any CPU
	EndGlobalSection
	GlobalSection(SolutionProperties) = preSolution
		HideSolutionNode = FALSE
	EndGlobalSection
	GlobalSection(ExtensibilityGlobals) = postSolution
		SolutionGuid = {794774DF-8D38-48FC-8FD3-F0DADEB0F38D}
	EndGlobalSection
EndGlobal
